{
  "originHash" : "3093af94a417b0a0c8ab166d2d31639c21fb582ed7f24c83f8b4bd954483e098",
  "pins" : [
    {
      "identity" : "dependencies",
      "kind" : "remoteSourceControl",
      "location" : "https://github.com/ManuelSelch/Dependencies",
      "state" : {
        "revision" : "05e83fce3f0d99224533d74499d09b2632884122",
        "version" : "2.0.0"
      }
    },
    {
      "identity" : "flux",
      "kind" : "remoteSourceControl",
      "location" : "https://github.com/ManuelSelch/Flux",
      "state" : {
        "revision" : "a387744ee58e35cd2fde786cd1c8248302dc97af",
        "version" : "1.0.10"
      }
    },
    {
      "identity" : "objc-runtime-tools",
      "kind" : "remoteSourceControl",
      "location" : "https://github.com/davdroman/objc-runtime-tools",
      "state" : {
        "revision" : "04715d0c98d366d7000be32c0c81b4ba87001910",
        "version" : "0.5.1"
      }
    },
    {
      "identity" : "pulse",
      "kind" : "remoteSourceControl",
      "location" : "https://github.com/kean/Pulse",
      "state" : {
        "revision" : "94b92731d370c129bb771e9c18f69b0a44ccca5c",
        "version" : "5.2.3"
      }
    },
    {
      "identity" : "router",
      "kind" : "remoteSourceControl",
      "location" : "https://github.com/ManuelSelch/Router",
      "state" : {
        "revision" : "b04403ddc56eba423e5c0d61d6ab8ebafe62f62a",
        "version" : "1.0.10"
      }
    },
    {
      "identity" : "swift-once-macro",
      "kind" : "remoteSourceControl",
      "location" : "https://github.com/davdroman/swift-once-macro",
      "state" : {
        "revision" : "4938908d9c9d7ad3d58a4b003868de8aa747aa2e",
        "version" : "1.2.0"
      }
    },
    {
      "identity" : "swift-syntax",
      "kind" : "remoteSourceControl",
      "location" : "https://github.com/swiftlang/swift-syntax",
      "state" : {
        "revision" : "79e4b74a295b6eb74a8b585e3a39d29e70c1dbd1",
        "version" : "603.0.2"
      }
    },
    {
      "identity" : "swiftentrykit",
      "kind" : "remoteSourceControl",
      "location" : "https://github.com/huri000/SwiftEntryKit",
      "state" : {
        "revision" : "5ad36cccf0c4b9fea32f4e9b17a8e38f07563ef0",
        "version" : "2.0.0"
      }
    },
    {
      "identity" : "swiftui-introspect",
      "kind" : "remoteSourceControl",
      "location" : "https://github.com/siteline/swiftui-introspect",
      "state" : {
        "revision" : "469f9e8becd1b229b9c2056a4bd80dcce3b65a69",
        "version" : "27.0.0-beta.2"
      }
    },
    {
      "identity" : "swiftui-navigation-transitions",
      "kind" : "remoteSourceControl",
      "location" : "https://github.com/davdroman/swiftui-navigation-transitions.git",
      "state" : {
        "revision" : "78287a0adf2ed35c40dc6445d0c7fc6fba236076",
        "version" : "0.18.0"
      }
    },
    {
      "identity" : "xctest-dynamic-overlay",
      "kind" : "remoteSourceControl",
      "location" : "https://github.com/pointfreeco/xctest-dynamic-overlay",
      "state" : {
        "revision" : "8f6abcf4c8950e2679d5b2fee4ca284fd7c34886",
        "version" : "1.11.0"
      }
    }
  ],
  "version" : 3
}
